
Microsoft Visual Studio Solution File, Format Version 12.00
# Visual Studio 15
VisualStudioVersion = 15.0.26403.7
MinimumVisualStudioVersion = 10.0.40219.1
Project("{FAE04EC0-301F-11D3-BF4B-00C04F79EFBC}") = "System.IO.Abstractions.AlphaFS", "System.IO.Abstractions.AlphaFS\System.IO.Abstractions.AlphaFS.csproj", "{C8728D1B-9E16-4579-A1D2-D1B4CE8A192D}"
EndProject
Global
	GlobalSection(SolutionConfigurationPlatforms) = preSolution
		Debug|Any CPU = Debug|Any CPU
		Release|Any CPU = Release|Any CPU
	EndGlobalSection
	GlobalSection(ProjectConfigurationPlatforms) = postSolution
		{C8728D1B-9E16-4579-A1D2-D1B4CE8A192D}.Debug|Any CPU.ActiveCfg = Debug|Any CPU
		{C8728D1B-9E16-4579-A1D2-D1B4CE8A192D}.Debug|Any CPU.Build.0 = Debug|Any CPU
		{C8728D1B-9E16-4579-A1D2-D1B4CE8A192D}.Release|Any CPU.ActiveCfg = Release|Any CPU
		{C8728D1B-9E16-4579-A1D2-D1B4CE8A192D}.Release|Any CPU.Build.0 = Release|Any CPU
	EndGlobalSection
	GlobalSection(SolutionProperties) = preSolution
		HideSolutionNode = FALSE
	EndGlobalSection
EndGlobal
